{
  "name": "github-contents-vercel",
  "version": "0.0.1",
  "lockfileVersion": 3,
  "requires": true,
  "packages": {
    "": {
      "name": "github-contents-vercel",
      "version": "0.0.1",
      "dependencies": {
        "fflate": "^0.8.2"
      },
      "devDependencies": {
        "typescript": "^5.4.5"
      }
    },
    "node_modules/fflate": {
      "version": "0.8.2",
      "license": "MIT"
    },
    "node_modules/typescript": {
      "version": "5.4.5",
      "dev": true,
      "license": "Apache-2.0",
      "bin": {
        "tsc": "bin/tsc",
        "tsserver": "bin/tsserver"
      },
      "engines": {
        "node": ">=14.17"
      }
    }
  }
}
